
Microsoft Visual Studio Solution File, Format Version 12.00
# Visual Studio 15
Project("{FAE04EC0-301F-11D3-BF4B-00C04F79EFBC}") = "case_webbapp", "case_webbapp\case_webbapp.csproj", "{D95D0939-0754-440E-A6AD-F63C825702CD}"
EndProject
Global
	GlobalSection(SolutionConfigurationPlatforms) = preSolution
		Debug|Any CPU = Debug|Any CPU
		Release|Any CPU = Release|Any CPU
	EndGlobalSection
	GlobalSection(ProjectConfigurationPlatforms) = postSolution
		{D95D0939-0754-440E-A6AD-F63C825702CD}.Debug|Any CPU.ActiveCfg = Debug|Any CPU
		{D95D0939-0754-440E-A6AD-F63C825702CD}.Debug|Any CPU.Build.0 = Debug|Any CPU
		{D95D0939-0754-440E-A6AD-F63C825702CD}.Release|Any CPU.ActiveCfg = Release|Any CPU
		{D95D0939-0754-440E-A6AD-F63C825702CD}.Release|Any CPU.Build.0 = Release|Any CPU
	EndGlobalSection
EndGlobal
